# This file is generated by running "yarn install" inside your project.
# Manual changes might be lost - proceed with caution!

__metadata:
  version: 7
  cacheKey: 9

"@babel/runtime@npm:^7.17.8":
  version: 7.17.9
  resolution: "@babel/runtime@npm:7.17.9"
  dependencies:
    regenerator-runtime: "npm:^0.13.4"
  checksum: 563a63b2b742f3b1558b99766f9179f28cee930e0114ff08e243ab74cb6cd9ed3693660dafc6bcfaf9a453a6cb5b94fd72ab5497166ac43ee92b18d723399a67
  languageName: node
  linkType: hard

"js-tokens@npm:^3.0.0 || ^4.0.0":
  version: 4.0.0
  resolution: "js-tokens@npm:4.0.0"
  checksum: 47d1c18dc6b9eed4baf1db3d81b36feb95b463201c82ffce0d7a4d65ede596ba97d6ac2468974199705db9ef8a3433606af41fc7bbe7cb25c1dd601785413d9b
  languageName: node
  linkType: hard

"loose-envify@npm:^1.1.0":
  version: 1.4.0
  resolution: "loose-envify@npm:1.4.0"
  dependencies:
    js-tokens: "npm:^3.0.0 || ^4.0.0"
  bin:
    loose-envify: cli.js
  checksum: 39c5fc44c6a8f7f8a92cccf174554fbb307477ef493760407920fdd4ed5f6cc1aec5b6a5ab3c3767ef79547b3e1aea09d8ca08d773232c662d910cfe473a0590
  languageName: node
  linkType: hard

"react-dom@npm:^18.0.0":
  version: 18.0.0
  resolution: "react-dom@npm:18.0.0"
  dependencies:
    loose-envify: "npm:^1.1.0"
    scheduler: "npm:^0.21.0"
  peerDependencies:
    react: ^18.0.0
  checksum: 105260a7e004eaea625842d659fc14082baff86398043015e54f0522c203a9bf5157dc95eb10740bd7ad15ed23716a9b1fc7e12a6548e03b6484f8a9537483fe
  languageName: node
  linkType: hard

"react-image@npm:^4.0.3":
  version: 4.0.3
  resolution: "react-image@npm:4.0.3"
  peerDependencies:
    "@babel/runtime": ">=7"
    react: ">=16.8"
    react-dom: ">=16.8"
  checksum: a696db7d76d37b0b8ffd480fcc3d9c6b9ad87826d6bff92a2045f1084198cd3403349d4979ff46900a699928a24184bb53d4d666c2561aebcf7e72b17a7dcbed
  languageName: node
  linkType: hard

"react@npm:^18.0.0":
  version: 18.0.0
  resolution: "react@npm:18.0.0"
  dependencies:
    loose-envify: "npm:^1.1.0"
  checksum: ecf8e4c2d345921a0c229dd8c9920fbe21bb8ac5581a9f57e864b40032f0c6f34206b2e9e56d98b8bb65555e54d063b39985c1f4f73af8386c22838420c6e0b1
  languageName: node
  linkType: hard

"regenerator-runtime@npm:^0.13.4":
  version: 0.13.9
  resolution: "regenerator-runtime@npm:0.13.9"
  checksum: db060af0b2ca8bb7f12aea9dcf7416ff80259b39c2ddd38e0bd705b0a7acd9f07be133e543bbf54af1e86253b6fd553e3050fd6b30c3282731dd27560427f065
  languageName: node
  linkType: hard

"scheduler@npm:^0.21.0":
  version: 0.21.0
  resolution: "scheduler@npm:0.21.0"
  dependencies:
    loose-envify: "npm:^1.1.0"
  checksum: 0116015778a6899ad75c509f0a573df83f742859390968ee9212c91c860cbdbd2b0de99bbae31741c377099328259eb49bcfaa3f920504075f3ba4eeb9097483
  languageName: node
  linkType: hard

"test_app@workspace:.":
  version: 0.0.0-use.local
  resolution: "test_app@workspace:."
  dependencies:
    "@babel/runtime": "npm:^7.17.8"
    react: "npm:^18.0.0"
    react-dom: "npm:^18.0.0"
    react-image: "npm:^4.0.3"
  languageName: unknown
  linkType: soft
