# This file is generated by running "yarn install" inside your project.
# Manual changes might be lost - proceed with caution!

__metadata:
  version: 6
  cacheKey: 8

"js-tokens@npm:^3.0.0 || ^4.0.0":
  version: 4.0.0
  resolution: "js-tokens@npm:4.0.0"
  checksum: 8a95213a5a77deb6cbe94d86340e8d9ace2b93bc367790b260101d2f36a2eaf4e4e22d9fa9cf459b38af3a32fb4190e638024cf82ec95ef708680e405ea7cc78
  languageName: node
  linkType: hard

"loose-envify@npm:^1.1.0":
  version: 1.4.0
  resolution: "loose-envify@npm:1.4.0"
  dependencies:
    js-tokens: ^3.0.0 || ^4.0.0
  bin:
    loose-envify: cli.js
  checksum: 6517e24e0cad87ec9888f500c5b5947032cdfe6ef65e1c1936a0c48a524b81e65542c9c3edc91c97d5bddc806ee2a985dbc79be89215d613b1de5db6d1cfe6f4
  languageName: node
  linkType: hard

"react-dom@npm:^18.0.0":
  version: 18.0.0
  resolution: "react-dom@npm:18.0.0"
  dependencies:
    loose-envify: ^1.1.0
    scheduler: ^0.21.0
  peerDependencies:
    react: ^18.0.0
  checksum: dd0ba9f2f31dd728076c892a95b2f5a8dfe79136431b0289afb46eec39d0ca6b6f0f40a60fd8aa6ef702c98ce7c26100d3d4dbc35c7c9e87429cd04f84cb58bd
  languageName: node
  linkType: hard

"react@npm:^18.0.0":
  version: 18.0.0
  resolution: "react@npm:18.0.0"
  dependencies:
    loose-envify: ^1.1.0
  checksum: 293020b96536b3c7113ee57ca5c990a3f25649d1751b1c7a3aabd16dff0691fe9f1eed1206616d0906d05933536052037340a0c8d0941ff870b0eb469a2f975b
  languageName: node
  linkType: hard

"scheduler@npm:^0.21.0":
  version: 0.21.0
  resolution: "scheduler@npm:0.21.0"
  dependencies:
    loose-envify: ^1.1.0
  checksum: 4f8285076041ed2c81acdd1faa987f1655fdbd30554bc667c1ea64743fc74fb3a04ca7d27454b3d678735df5a230137a3b84756061b43dc5796e80701b66d124
  languageName: node
  linkType: hard

"test_app@workspace:.":
  version: 0.0.0-use.local
  resolution: "test_app@workspace:."
  dependencies:
    react: ^18.0.0
    react-dom: ^18.0.0
  languageName: unknown
  linkType: soft
